
Microsoft Visual Studio Solution File, Format Version 12.00
# Visual Studio Version 16
VisualStudioVersion = 16.0.30717.126
MinimumVisualStudioVersion = 10.0.40219.1
Project("{FAE04EC0-301F-11D3-BF4B-00C04F79EFBC}") = "NoteAppWpf", "NoteAppWpf\NoteAppWpf.csproj", "{F4FDF81D-CC47-4412-A96A-D31623C028B2}"
EndProject
Project("{FAE04EC0-301F-11D3-BF4B-00C04F79EFBC}") = "NoteApp", "NoteApp\NoteApp.csproj", "{29D7C2FD-55A3-4AA1-A3CF-BE8B58885930}"
EndProject
Global
	GlobalSection(SolutionConfigurationPlatforms) = preSolution
		Debug|Any CPU = Debug|Any CPU
		Release|Any CPU = Release|Any CPU
	EndGlobalSection
	GlobalSection(ProjectConfigurationPlatforms) = postSolution
		{F4FDF81D-CC47-4412-A96A-D31623C028B2}.Debug|Any CPU.ActiveCfg = Debug|Any CPU
		{F4FDF81D-CC47-4412-A96A-D31623C028B2}.Debug|Any CPU.Build.0 = Debug|Any CPU
		{F4FDF81D-CC47-4412-A96A-D31623C028B2}.Release|Any CPU.ActiveCfg = Release|Any CPU
		{F4FDF81D-CC47-4412-A96A-D31623C028B2}.Release|Any CPU.Build.0 = Release|Any CPU
		{29D7C2FD-55A3-4AA1-A3CF-BE8B58885930}.Debug|Any CPU.ActiveCfg = Debug|Any CPU
		{29D7C2FD-55A3-4AA1-A3CF-BE8B58885930}.Debug|Any CPU.Build.0 = Debug|Any CPU
		{29D7C2FD-55A3-4AA1-A3CF-BE8B58885930}.Release|Any CPU.ActiveCfg = Release|Any CPU
		{29D7C2FD-55A3-4AA1-A3CF-BE8B58885930}.Release|Any CPU.Build.0 = Release|Any CPU
	EndGlobalSection
	GlobalSection(SolutionProperties) = preSolution
		HideSolutionNode = FALSE
	EndGlobalSection
	GlobalSection(ExtensibilityGlobals) = postSolution
		SolutionGuid = {BABED6CE-4A71-4389-A87A-8DF72B8FCBFB}
	EndGlobalSection
EndGlobal
